
Microsoft Visual Studio Solution File, Format Version 12.00
# Visual Studio Version 17
VisualStudioVersion = 17.9.34622.214
MinimumVisualStudioVersion = 10.0.40219.1
Project("{FAE04EC0-301F-11D3-BF4B-00C04F79EFBC}") = "Ventilation", "Ventilation.csproj", "{EE141053-B2F1-44D8-A417-CFE3A0C0CFCB}"
EndProject
Project("{FAE04EC0-301F-11D3-BF4B-00C04F79EFBC}") = "Models", "..\Models\Models.csproj", "{FB578895-2FEC-421B-9D77-32375CC67F43}"
EndProject
Global
	GlobalSection(SolutionConfigurationPlatforms) = preSolution
		Debug|Any CPU = Debug|Any CPU
		Release|Any CPU = Release|Any CPU
	EndGlobalSection
	GlobalSection(ProjectConfigurationPlatforms) = postSolution
		{EE141053-B2F1-44D8-A417-CFE3A0C0CFCB}.Debug|Any CPU.ActiveCfg = Debug|Any CPU
		{EE141053-B2F1-44D8-A417-CFE3A0C0CFCB}.Debug|Any CPU.Build.0 = Debug|Any CPU
		{EE141053-B2F1-44D8-A417-CFE3A0C0CFCB}.Release|Any CPU.ActiveCfg = Release|Any CPU
		{EE141053-B2F1-44D8-A417-CFE3A0C0CFCB}.Release|Any CPU.Build.0 = Release|Any CPU
		{FB578895-2FEC-421B-9D77-32375CC67F43}.Debug|Any CPU.ActiveCfg = Debug|Any CPU
		{FB578895-2FEC-421B-9D77-32375CC67F43}.Debug|Any CPU.Build.0 = Debug|Any CPU
		{FB578895-2FEC-421B-9D77-32375CC67F43}.Release|Any CPU.ActiveCfg = Release|Any CPU
		{FB578895-2FEC-421B-9D77-32375CC67F43}.Release|Any CPU.Build.0 = Release|Any CPU
	EndGlobalSection
	GlobalSection(SolutionProperties) = preSolution
		HideSolutionNode = FALSE
	EndGlobalSection
	GlobalSection(ExtensibilityGlobals) = postSolution
		SolutionGuid = {1E98D7E8-FB3D-4DA4-86C2-16ACD200F6EC}
	EndGlobalSection
EndGlobal
