
Microsoft Visual Studio Solution File, Format Version 12.00
# Visual Studio Version 17
VisualStudioVersion = 17.9.34622.214
MinimumVisualStudioVersion = 10.0.40219.1
Project("{9A19103F-16F7-4668-BE54-9A1E7A4F7556}") = "Ventilation", "Ventilation\Ventilation.csproj", "{EE141053-B2F1-44D8-A417-CFE3A0C0CFCB}"
	ProjectSection(ProjectDependencies) = postProject
		{ABADD9EA-5996-4B41-9473-9570450455A0} = {ABADD9EA-5996-4B41-9473-9570450455A0}
	EndProjectSection
EndProject
Project("{9A19103F-16F7-4668-BE54-9A1E7A4F7556}") = "Models", "Models\Models.csproj", "{ABADD9EA-5996-4B41-9473-9570450455A0}"
EndProject
Project("{2150E333-8FDC-42A3-9474-1A3956D46DE8}") = "1. Application", "1. Application", "{48E1C392-FCE8-4BD9-8B24-B3D9D2D4FA38}"
EndProject
Project("{2150E333-8FDC-42A3-9474-1A3956D46DE8}") = "2. DAL", "2. DAL", "{83AE2B8E-6CFA-4390-848A-185364E8CC8D}"
EndProject
Project("{FAE04EC0-301F-11D3-BF4B-00C04F79EFBC}") = "DAL", "DAL\DAL.csproj", "{B8BDF5EF-FEFD-402B-8A46-B58E38678B28}"
EndProject
Project("{2150E333-8FDC-42A3-9474-1A3956D46DE8}") = "3. Domain", "3. Domain", "{D5EB1ED1-0A2D-4563-82B6-9F55AC25F7E2}"
EndProject
Project("{FAE04EC0-301F-11D3-BF4B-00C04F79EFBC}") = "Domain", "Domain\Domain.csproj", "{ACFCD8B6-1120-4ACA-89C0-FC9580F059B2}"
EndProject
Project("{2150E333-8FDC-42A3-9474-1A3956D46DE8}") = "4. BAL", "4. BAL", "{3F71D2F9-0ACC-4D18-9FB2-12BD525766B7}"
EndProject
Project("{FAE04EC0-301F-11D3-BF4B-00C04F79EFBC}") = "BAL", "BAL\BAL.csproj", "{6598FF60-E3C8-4B67-BB79-E4D5A2361DB5}"
EndProject
Global
	GlobalSection(SolutionConfigurationPlatforms) = preSolution
		Debug|Any CPU = Debug|Any CPU
		Release|Any CPU = Release|Any CPU
	EndGlobalSection
	GlobalSection(ProjectConfigurationPlatforms) = postSolution
		{EE141053-B2F1-44D8-A417-CFE3A0C0CFCB}.Debug|Any CPU.ActiveCfg = Debug|Any CPU
		{EE141053-B2F1-44D8-A417-CFE3A0C0CFCB}.Debug|Any CPU.Build.0 = Debug|Any CPU
		{EE141053-B2F1-44D8-A417-CFE3A0C0CFCB}.Release|Any CPU.ActiveCfg = Release|Any CPU
		{EE141053-B2F1-44D8-A417-CFE3A0C0CFCB}.Release|Any CPU.Build.0 = Release|Any CPU
		{ABADD9EA-5996-4B41-9473-9570450455A0}.Debug|Any CPU.ActiveCfg = Debug|Any CPU
		{ABADD9EA-5996-4B41-9473-9570450455A0}.Debug|Any CPU.Build.0 = Debug|Any CPU
		{ABADD9EA-5996-4B41-9473-9570450455A0}.Release|Any CPU.ActiveCfg = Release|Any CPU
		{ABADD9EA-5996-4B41-9473-9570450455A0}.Release|Any CPU.Build.0 = Release|Any CPU
		{B8BDF5EF-FEFD-402B-8A46-B58E38678B28}.Debug|Any CPU.ActiveCfg = Debug|Any CPU
		{B8BDF5EF-FEFD-402B-8A46-B58E38678B28}.Debug|Any CPU.Build.0 = Debug|Any CPU
		{B8BDF5EF-FEFD-402B-8A46-B58E38678B28}.Release|Any CPU.ActiveCfg = Release|Any CPU
		{B8BDF5EF-FEFD-402B-8A46-B58E38678B28}.Release|Any CPU.Build.0 = Release|Any CPU
		{ACFCD8B6-1120-4ACA-89C0-FC9580F059B2}.Debug|Any CPU.ActiveCfg = Debug|Any CPU
		{ACFCD8B6-1120-4ACA-89C0-FC9580F059B2}.Debug|Any CPU.Build.0 = Debug|Any CPU
		{ACFCD8B6-1120-4ACA-89C0-FC9580F059B2}.Release|Any CPU.ActiveCfg = Release|Any CPU
		{ACFCD8B6-1120-4ACA-89C0-FC9580F059B2}.Release|Any CPU.Build.0 = Release|Any CPU
		{6598FF60-E3C8-4B67-BB79-E4D5A2361DB5}.Debug|Any CPU.ActiveCfg = Debug|Any CPU
		{6598FF60-E3C8-4B67-BB79-E4D5A2361DB5}.Debug|Any CPU.Build.0 = Debug|Any CPU
		{6598FF60-E3C8-4B67-BB79-E4D5A2361DB5}.Release|Any CPU.ActiveCfg = Release|Any CPU
		{6598FF60-E3C8-4B67-BB79-E4D5A2361DB5}.Release|Any CPU.Build.0 = Release|Any CPU
	EndGlobalSection
	GlobalSection(SolutionProperties) = preSolution
		HideSolutionNode = FALSE
	EndGlobalSection
	GlobalSection(NestedProjects) = preSolution
		{EE141053-B2F1-44D8-A417-CFE3A0C0CFCB} = {48E1C392-FCE8-4BD9-8B24-B3D9D2D4FA38}
		{B8BDF5EF-FEFD-402B-8A46-B58E38678B28} = {83AE2B8E-6CFA-4390-848A-185364E8CC8D}
		{ACFCD8B6-1120-4ACA-89C0-FC9580F059B2} = {D5EB1ED1-0A2D-4563-82B6-9F55AC25F7E2}
		{6598FF60-E3C8-4B67-BB79-E4D5A2361DB5} = {3F71D2F9-0ACC-4D18-9FB2-12BD525766B7}
	EndGlobalSection
	GlobalSection(ExtensibilityGlobals) = postSolution
		SolutionGuid = {1E98D7E8-FB3D-4DA4-86C2-16ACD200F6EC}
	EndGlobalSection
EndGlobal
